// !$*UTF8*$!
{
	archiveVersion = 1;
	classes = {
	};
	objectVersion = 46;
	objects = {

/* Begin PBXBuildFile section */
		8B88CC6816F652D1004C2E9B /* DocumentManager.m in Sources */ = {isa = PBXBuildFile; fileRef = 8B88CC6716F652D1004C2E9B /* DocumentManager.m */; };
		8B88CC6C16F6530E004C2E9B /* Songs.xcdatamodeld in Sources */ = {isa = PBXBuildFile; fileRef = 8B88CC6A16F6530E004C2E9B /* Songs.xcdatamodeld */; };
		8B88CC7216F654B9004C2E9B /* CoreNote.m in Sources */ = {isa = PBXBuildFile; fileRef = 8B88CC7116F654B9004C2E9B /* CoreNote.m */; };
		8B88CC7516F65507004C2E9B /* Song+Extension.m in Sources */ = {isa = PBXBuildFile; fileRef = 8B88CC7416F65507004C2E9B /* Song+Extension.m */; };
		8B88CC7E16F658EF004C2E9B /* CoreNote+Extension.m in Sources */ = {isa = PBXBuildFile; fileRef = 8B88CC7D16F658EF004C2E9B /* CoreNote+Extension.m */; };
		8B88CC8016F65D16004C2E9B /* CoreData.framework in Frameworks */ = {isa = PBXBuildFile; fileRef = 8B88CC7F16F65D16004C2E9B /* CoreData.framework */; };
		8B88CC8316F661F0004C2E9B /* LoadViewController.m in Sources */ = {isa = PBXBuildFile; fileRef = 8B88CC8216F661F0004C2E9B /* LoadViewController.m */; };
		8BADCEF216F6741F000C88BF /* Settings.m in Sources */ = {isa = PBXBuildFile; fileRef = 8BADCEF116F6741F000C88BF /* Settings.m */; };
		8BADCEF616F67729000C88BF /* SettingsViewController.m in Sources */ = {isa = PBXBuildFile; fileRef = 8BADCEF516F67729000C88BF /* SettingsViewController.m */; };
		8BADCF0316F6B287000C88BF /* Song.m in Sources */ = {isa = PBXBuildFile; fileRef = 8BADCF0216F6B287000C88BF /* Song.m */; };
		8BB6918916F284D9002B4818 /* UIKit.framework in Frameworks */ = {isa = PBXBuildFile; fileRef = 8BB6918816F284D9002B4818 /* UIKit.framework */; };
		8BB6918B16F284D9002B4818 /* Foundation.framework in Frameworks */ = {isa = PBXBuildFile; fileRef = 8BB6918A16F284D9002B4818 /* Foundation.framework */; };
		8BB6918D16F284D9002B4818 /* CoreGraphics.framework in Frameworks */ = {isa = PBXBuildFile; fileRef = 8BB6918C16F284D9002B4818 /* CoreGraphics.framework */; };
		8BB6919316F284D9002B4818 /* InfoPlist.strings in Resources */ = {isa = PBXBuildFile; fileRef = 8BB6919116F284D9002B4818 /* InfoPlist.strings */; };
		8BB6919516F284D9002B4818 /* main.m in Sources */ = {isa = PBXBuildFile; fileRef = 8BB6919416F284D9002B4818 /* main.m */; };
		8BB6919916F284D9002B4818 /* NotesAppDelegate.m in Sources */ = {isa = PBXBuildFile; fileRef = 8BB6919816F284D9002B4818 /* NotesAppDelegate.m */; };
		8BB6919B16F284D9002B4818 /* Default.png in Resources */ = {isa = PBXBuildFile; fileRef = 8BB6919A16F284D9002B4818 /* Default.png */; };
		8BB6919D16F284D9002B4818 /* Default@2x.png in Resources */ = {isa = PBXBuildFile; fileRef = 8BB6919C16F284D9002B4818 /* Default@2x.png */; };
		8BB6919F16F284D9002B4818 /* Default-568h@2x.png in Resources */ = {isa = PBXBuildFile; fileRef = 8BB6919E16F284D9002B4818 /* Default-568h@2x.png */; };
		8BB691A216F284D9002B4818 /* MainStoryboard_iPhone.storyboard in Resources */ = {isa = PBXBuildFile; fileRef = 8BB691A016F284D9002B4818 /* MainStoryboard_iPhone.storyboard */; };
		8BB691A516F284D9002B4818 /* MainStoryboard_iPad.storyboard in Resources */ = {isa = PBXBuildFile; fileRef = 8BB691A316F284D9002B4818 /* MainStoryboard_iPad.storyboard */; };
		8BB691A816F284D9002B4818 /* NotesViewController.m in Sources */ = {isa = PBXBuildFile; fileRef = 8BB691A716F284D9002B4818 /* NotesViewController.m */; };
		8BB691B016F2882D002B4818 /* SequencerViewController.m in Sources */ = {isa = PBXBuildFile; fileRef = 8BB691AF16F2882D002B4818 /* SequencerViewController.m */; };
		8BB691B316F2884F002B4818 /* SequencerView.m in Sources */ = {isa = PBXBuildFile; fileRef = 8BB691B216F2884F002B4818 /* SequencerView.m */; };
		8BB691B616F28BFA002B4818 /* RootTabViewController.m in Sources */ = {isa = PBXBuildFile; fileRef = 8BB691B516F28BFA002B4818 /* RootTabViewController.m */; };
		8BB691BA16F29339002B4818 /* Sequence.m in Sources */ = {isa = PBXBuildFile; fileRef = 8BB691B916F29339002B4818 /* Sequence.m */; };
		8BB691BD16F29813002B4818 /* Note.m in Sources */ = {isa = PBXBuildFile; fileRef = 8BB691BC16F29813002B4818 /* Note.m */; };
		8BEF3CB416F3F9680015C4E8 /* PianoViewController.m in Sources */ = {isa = PBXBuildFile; fileRef = 8BEF3CB316F3F9680015C4E8 /* PianoViewController.m */; };
		8BEF3CC016F43BBC0015C4E8 /* ToneGeneratorViewController.m in Sources */ = {isa = PBXBuildFile; fileRef = 8BEF3CBE16F43BBC0015C4E8 /* ToneGeneratorViewController.m */; };
		8BEF3CC216F45B560015C4E8 /* AudioToolbox.framework in Frameworks */ = {isa = PBXBuildFile; fileRef = 8BEF3CC116F45B560015C4E8 /* AudioToolbox.framework */; };
		8BEF3CC516F57A750015C4E8 /* NotePlayer.m in Sources */ = {isa = PBXBuildFile; fileRef = 8BEF3CC416F57A750015C4E8 /* NotePlayer.m */; };
/* End PBXBuildFile section */

/* Begin PBXFileReference section */
		8B88CC6616F652D1004C2E9B /* DocumentManager.h */ = {isa = PBXFileReference; fileEncoding = 4; lastKnownFileType = sourcecode.c.h; path = DocumentManager.h; sourceTree = "<group>"; };
		8B88CC6716F652D1004C2E9B /* DocumentManager.m */ = {isa = PBXFileReference; fileEncoding = 4; lastKnownFileType = sourcecode.c.objc; path = DocumentManager.m; sourceTree = "<group>"; };
		8B88CC6B16F6530E004C2E9B /* Songs.xcdatamodel */ = {isa = PBXFileReference; lastKnownFileType = wrapper.xcdatamodel; path = Songs.xcdatamodel; sourceTree = "<group>"; };
		8B88CC7016F654B9004C2E9B /* CoreNote.h */ = {isa = PBXFileReference; fileEncoding = 4; lastKnownFileType = sourcecode.c.h; path = CoreNote.h; sourceTree = "<group>"; };
		8B88CC7116F654B9004C2E9B /* CoreNote.m */ = {isa = PBXFileReference; fileEncoding = 4; lastKnownFileType = sourcecode.c.objc; path = CoreNote.m; sourceTree = "<group>"; };
		8B88CC7316F65507004C2E9B /* Song+Extension.h */ = {isa = PBXFileReference; fileEncoding = 4; lastKnownFileType = sourcecode.c.h; path = "Song+Extension.h"; sourceTree = "<group>"; };
		8B88CC7416F65507004C2E9B /* Song+Extension.m */ = {isa = PBXFileReference; fileEncoding = 4; lastKnownFileType = sourcecode.c.objc; path = "Song+Extension.m"; sourceTree = "<group>"; };
		8B88CC7C16F658EF004C2E9B /* CoreNote+Extension.h */ = {isa = PBXFileReference; fileEncoding = 4; lastKnownFileType = sourcecode.c.h; path = "CoreNote+Extension.h"; sourceTree = "<group>"; };
		8B88CC7D16F658EF004C2E9B /* CoreNote+Extension.m */ = {isa = PBXFileReference; fileEncoding = 4; lastKnownFileType = sourcecode.c.objc; path = "CoreNote+Extension.m"; sourceTree = "<group>"; };
		8B88CC7F16F65D16004C2E9B /* CoreData.framework */ = {isa = PBXFileReference; lastKnownFileType = wrapper.framework; name = CoreData.framework; path = System/Library/Frameworks/CoreData.framework; sourceTree = SDKROOT; };
		8B88CC8116F661F0004C2E9B /* LoadViewController.h */ = {isa = PBXFileReference; fileEncoding = 4; lastKnownFileType = sourcecode.c.h; path = LoadViewController.h; sourceTree = "<group>"; };
		8B88CC8216F661F0004C2E9B /* LoadViewController.m */ = {isa = PBXFileReference; fileEncoding = 4; lastKnownFileType = sourcecode.c.objc; path = LoadViewController.m; sourceTree = "<group>"; };
		8BADCEF016F6741F000C88BF /* Settings.h */ = {isa = PBXFileReference; fileEncoding = 4; lastKnownFileType = sourcecode.c.h; path = Settings.h; sourceTree = "<group>"; };
		8BADCEF116F6741F000C88BF /* Settings.m */ = {isa = PBXFileReference; fileEncoding = 4; lastKnownFileType = sourcecode.c.objc; path = Settings.m; sourceTree = "<group>"; };
		8BADCEF416F67729000C88BF /* SettingsViewController.h */ = {isa = PBXFileReference; fileEncoding = 4; lastKnownFileType = sourcecode.c.h; path = SettingsViewController.h; sourceTree = "<group>"; };
		8BADCEF516F67729000C88BF /* SettingsViewController.m */ = {isa = PBXFileReference; fileEncoding = 4; lastKnownFileType = sourcecode.c.objc; path = SettingsViewController.m; sourceTree = "<group>"; };
		8BADCF0116F6B287000C88BF /* Song.h */ = {isa = PBXFileReference; fileEncoding = 4; lastKnownFileType = sourcecode.c.h; path = Song.h; sourceTree = "<group>"; };
		8BADCF0216F6B287000C88BF /* Song.m */ = {isa = PBXFileReference; fileEncoding = 4; lastKnownFileType = sourcecode.c.objc; path = Song.m; sourceTree = "<group>"; };
		8BB6918416F284D9002B4818 /* MusicNotes.app */ = {isa = PBXFileReference; explicitFileType = wrapper.application; includeInIndex = 0; path = MusicNotes.app; sourceTree = BUILT_PRODUCTS_DIR; };
		8BB6918816F284D9002B4818 /* UIKit.framework */ = {isa = PBXFileReference; lastKnownFileType = wrapper.framework; name = UIKit.framework; path = System/Library/Frameworks/UIKit.framework; sourceTree = SDKROOT; };
		8BB6918A16F284D9002B4818 /* Foundation.framework */ = {isa = PBXFileReference; lastKnownFileType = wrapper.framework; name = Foundation.framework; path = System/Library/Frameworks/Foundation.framework; sourceTree = SDKROOT; };
		8BB6918C16F284D9002B4818 /* CoreGraphics.framework */ = {isa = PBXFileReference; lastKnownFileType = wrapper.framework; name = CoreGraphics.framework; path = System/Library/Frameworks/CoreGraphics.framework; sourceTree = SDKROOT; };
		8BB6919016F284D9002B4818 /* MusicNotes-Info.plist */ = {isa = PBXFileReference; lastKnownFileType = text.plist.xml; path = "MusicNotes-Info.plist"; sourceTree = "<group>"; };
		8BB6919216F284D9002B4818 /* en */ = {isa = PBXFileReference; lastKnownFileType = text.plist.strings; name = en; path = en.lproj/InfoPlist.strings; sourceTree = "<group>"; };
		8BB6919416F284D9002B4818 /* main.m */ = {isa = PBXFileReference; lastKnownFileType = sourcecode.c.objc; path = main.m; sourceTree = "<group>"; };
		8BB6919616F284D9002B4818 /* MusicNotes-Prefix.pch */ = {isa = PBXFileReference; lastKnownFileType = sourcecode.c.h; path = "MusicNotes-Prefix.pch"; sourceTree = "<group>"; };
		8BB6919716F284D9002B4818 /* NotesAppDelegate.h */ = {isa = PBXFileReference; lastKnownFileType = sourcecode.c.h; path = NotesAppDelegate.h; sourceTree = "<group>"; };
		8BB6919816F284D9002B4818 /* NotesAppDelegate.m */ = {isa = PBXFileReference; lastKnownFileType = sourcecode.c.objc; path = NotesAppDelegate.m; sourceTree = "<group>"; };
		8BB6919A16F284D9002B4818 /* Default.png */ = {isa = PBXFileReference; lastKnownFileType = image.png; path = Default.png; sourceTree = "<group>"; };
		8BB6919C16F284D9002B4818 /* Default@2x.png */ = {isa = PBXFileReference; lastKnownFileType = image.png; path = "Default@2x.png"; sourceTree = "<group>"; };
		8BB6919E16F284D9002B4818 /* Default-568h@2x.png */ = {isa = PBXFileReference; lastKnownFileType = image.png; path = "Default-568h@2x.png"; sourceTree = "<group>"; };
		8BB691A116F284D9002B4818 /* en */ = {isa = PBXFileReference; lastKnownFileType = file.storyboard; name = en; path = en.lproj/MainStoryboard_iPhone.storyboard; sourceTree = "<group>"; };
		8BB691A416F284D9002B4818 /* en */ = {isa = PBXFileReference; lastKnownFileType = file.storyboard; name = en; path = en.lproj/MainStoryboard_iPad.storyboard; sourceTree = "<group>"; };
		8BB691A616F284D9002B4818 /* NotesViewController.h */ = {isa = PBXFileReference; lastKnownFileType = sourcecode.c.h; path = NotesViewController.h; sourceTree = "<group>"; };
		8BB691A716F284D9002B4818 /* NotesViewController.m */ = {isa = PBXFileReference; lastKnownFileType = sourcecode.c.objc; path = NotesViewController.m; sourceTree = "<group>"; };
		8BB691AE16F2882D002B4818 /* SequencerViewController.h */ = {isa = PBXFileReference; fileEncoding = 4; lastKnownFileType = sourcecode.c.h; path = SequencerViewController.h; sourceTree = "<group>"; };
		8BB691AF16F2882D002B4818 /* SequencerViewController.m */ = {isa = PBXFileReference; fileEncoding = 4; lastKnownFileType = sourcecode.c.objc; path = SequencerViewController.m; sourceTree = "<group>"; };
		8BB691B116F2884F002B4818 /* SequencerView.h */ = {isa = PBXFileReference; fileEncoding = 4; lastKnownFileType = sourcecode.c.h; path = SequencerView.h; sourceTree = "<group>"; };
		8BB691B216F2884F002B4818 /* SequencerView.m */ = {isa = PBXFileReference; fileEncoding = 4; lastKnownFileType = sourcecode.c.objc; path = SequencerView.m; sourceTree = "<group>"; };
		8BB691B416F28BFA002B4818 /* RootTabViewController.h */ = {isa = PBXFileReference; fileEncoding = 4; lastKnownFileType = sourcecode.c.h; path = RootTabViewController.h; sourceTree = "<group>"; };
		8BB691B516F28BFA002B4818 /* RootTabViewController.m */ = {isa = PBXFileReference; fileEncoding = 4; lastKnownFileType = sourcecode.c.objc; path = RootTabViewController.m; sourceTree = "<group>"; };
		8BB691B816F29339002B4818 /* Sequence.h */ = {isa = PBXFileReference; fileEncoding = 4; lastKnownFileType = sourcecode.c.h; path = Sequence.h; sourceTree = "<group>"; };
		8BB691B916F29339002B4818 /* Sequence.m */ = {isa = PBXFileReference; fileEncoding = 4; lastKnownFileType = sourcecode.c.objc; path = Sequence.m; sourceTree = "<group>"; };
		8BB691BB16F29813002B4818 /* Note.h */ = {isa = PBXFileReference; fileEncoding = 4; lastKnownFileType = sourcecode.c.h; path = Note.h; sourceTree = "<group>"; };
		8BB691BC16F29813002B4818 /* Note.m */ = {isa = PBXFileReference; fileEncoding = 4; lastKnownFileType = sourcecode.c.objc; path = Note.m; sourceTree = "<group>"; };
		8BEF3CB216F3F9680015C4E8 /* PianoViewController.h */ = {isa = PBXFileReference; fileEncoding = 4; lastKnownFileType = sourcecode.c.h; path = PianoViewController.h; sourceTree = "<group>"; };
		8BEF3CB316F3F9680015C4E8 /* PianoViewController.m */ = {isa = PBXFileReference; fileEncoding = 4; lastKnownFileType = sourcecode.c.objc; path = PianoViewController.m; sourceTree = "<group>"; };
		8BEF3CBD16F43BBC0015C4E8 /* ToneGeneratorViewController.h */ = {isa = PBXFileReference; fileEncoding = 4; lastKnownFileType = sourcecode.c.h; path = ToneGeneratorViewController.h; sourceTree = "<group>"; };
		8BEF3CBE16F43BBC0015C4E8 /* ToneGeneratorViewController.m */ = {isa = PBXFileReference; fileEncoding = 4; lastKnownFileType = sourcecode.c.objc; path = ToneGeneratorViewController.m; sourceTree = "<group>"; };
		8BEF3CC116F45B560015C4E8 /* AudioToolbox.framework */ = {isa = PBXFileReference; lastKnownFileType = wrapper.framework; name = AudioToolbox.framework; path = System/Library/Frameworks/AudioToolbox.framework; sourceTree = SDKROOT; };
		8BEF3CC316F57A750015C4E8 /* NotePlayer.h */ = {isa = PBXFileReference; fileEncoding = 4; lastKnownFileType = sourcecode.c.h; path = NotePlayer.h; sourceTree = "<group>"; };
		8BEF3CC416F57A750015C4E8 /* NotePlayer.m */ = {isa = PBXFileReference; fileEncoding = 4; lastKnownFileType = sourcecode.c.objc; path = NotePlayer.m; sourceTree = "<group>"; };
/* End PBXFileReference section */

/* Begin PBXFrameworksBuildPhase section */
		8BB6918116F284D9002B4818 /* Frameworks */ = {
			isa = PBXFrameworksBuildPhase;
			buildActionMask = 2147483647;
			files = (
				8B88CC8016F65D16004C2E9B /* CoreData.framework in Frameworks */,
				8BEF3CC216F45B560015C4E8 /* AudioToolbox.framework in Frameworks */,
				8BB6918916F284D9002B4818 /* UIKit.framework in Frameworks */,
				8BB6918B16F284D9002B4818 /* Foundation.framework in Frameworks */,
				8BB6918D16F284D9002B4818 /* CoreGraphics.framework in Frameworks */,
			);
			runOnlyForDeploymentPostprocessing = 0;
		};
/* End PBXFrameworksBuildPhase section */

/* Begin PBXGroup section */
		8BB6917916F284D9002B4818 = {
			isa = PBXGroup;
			children = (
				8B88CC7F16F65D16004C2E9B /* CoreData.framework */,
				8BEF3CC116F45B560015C4E8 /* AudioToolbox.framework */,
				8BB6918E16F284D9002B4818 /* MusicNotes */,
				8BB6918716F284D9002B4818 /* Frameworks */,
				8BB6918516F284D9002B4818 /* Products */,
			);
			sourceTree = "<group>";
		};
		8BB6918516F284D9002B4818 /* Products */ = {
			isa = PBXGroup;
			children = (
				8BB6918416F284D9002B4818 /* MusicNotes.app */,
			);
			name = Products;
			sourceTree = "<group>";
		};
		8BB6918716F284D9002B4818 /* Frameworks */ = {
			isa = PBXGroup;
			children = (
				8BB6918816F284D9002B4818 /* UIKit.framework */,
				8BB6918A16F284D9002B4818 /* Foundation.framework */,
				8BB6918C16F284D9002B4818 /* CoreGraphics.framework */,
			);
			name = Frameworks;
			sourceTree = "<group>";
		};
		8BB6918E16F284D9002B4818 /* MusicNotes */ = {
			isa = PBXGroup;
			children = (
				8BADCEF016F6741F000C88BF /* Settings.h */,
				8BADCEF116F6741F000C88BF /* Settings.m */,
				8B88CC7C16F658EF004C2E9B /* CoreNote+Extension.h */,
				8B88CC7D16F658EF004C2E9B /* CoreNote+Extension.m */,
				8BEF3CB616F43B910015C4E8 /* ToneGenerator */,
				8BB691B716F292DE002B4818 /* Model */,
				8BB6919716F284D9002B4818 /* NotesAppDelegate.h */,
				8BB6919816F284D9002B4818 /* NotesAppDelegate.m */,
				8BB691A016F284D9002B4818 /* MainStoryboard_iPhone.storyboard */,
				8BADCEF416F67729000C88BF /* SettingsViewController.h */,
				8BADCEF516F67729000C88BF /* SettingsViewController.m */,
				8B88CC8116F661F0004C2E9B /* LoadViewController.h */,
				8B88CC8216F661F0004C2E9B /* LoadViewController.m */,
				8B88CC7316F65507004C2E9B /* Song+Extension.h */,
				8B88CC7416F65507004C2E9B /* Song+Extension.m */,
				8B88CC6616F652D1004C2E9B /* DocumentManager.h */,
				8B88CC6716F652D1004C2E9B /* DocumentManager.m */,
				8B88CC6A16F6530E004C2E9B /* Songs.xcdatamodeld */,
				8BADCF0116F6B287000C88BF /* Song.h */,
				8BADCF0216F6B287000C88BF /* Song.m */,
				8BEF3CB216F3F9680015C4E8 /* PianoViewController.h */,
				8BEF3CB316F3F9680015C4E8 /* PianoViewController.m */,
				8BB691B416F28BFA002B4818 /* RootTabViewController.h */,
				8BB691B516F28BFA002B4818 /* RootTabViewController.m */,
				8BB691B116F2884F002B4818 /* SequencerView.h */,
				8BB691B216F2884F002B4818 /* SequencerView.m */,
				8BB691AE16F2882D002B4818 /* SequencerViewController.h */,
				8BB691AF16F2882D002B4818 /* SequencerViewController.m */,
				8BB691A316F284D9002B4818 /* MainStoryboard_iPad.storyboard */,
				8BB691A616F284D9002B4818 /* NotesViewController.h */,
				8BB691A716F284D9002B4818 /* NotesViewController.m */,
				8BB6918F16F284D9002B4818 /* Supporting Files */,
			);
			path = MusicNotes;
			sourceTree = "<group>";
		};
		8BB6918F16F284D9002B4818 /* Supporting Files */ = {
			isa = PBXGroup;
			children = (
				8BB6919016F284D9002B4818 /* MusicNotes-Info.plist */,
				8BB6919116F284D9002B4818 /* InfoPlist.strings */,
				8BB6919416F284D9002B4818 /* main.m */,
				8BB6919616F284D9002B4818 /* MusicNotes-Prefix.pch */,
				8BB6919A16F284D9002B4818 /* Default.png */,
				8BB6919C16F284D9002B4818 /* Default@2x.png */,
				8BB6919E16F284D9002B4818 /* Default-568h@2x.png */,
			);
			name = "Supporting Files";
			sourceTree = "<group>";
		};
		8BB691B716F292DE002B4818 /* Model */ = {
			isa = PBXGroup;
			children = (
				8B88CC7016F654B9004C2E9B /* CoreNote.h */,
				8B88CC7116F654B9004C2E9B /* CoreNote.m */,
				8BB691B816F29339002B4818 /* Sequence.h */,
				8BB691B916F29339002B4818 /* Sequence.m */,
				8BB691BB16F29813002B4818 /* Note.h */,
				8BB691BC16F29813002B4818 /* Note.m */,
			);
			name = Model;
			sourceTree = "<group>";
		};
		8BEF3CB616F43B910015C4E8 /* ToneGenerator */ = {
			isa = PBXGroup;
			children = (
				8BEF3CBD16F43BBC0015C4E8 /* ToneGeneratorViewController.h */,
				8BEF3CBE16F43BBC0015C4E8 /* ToneGeneratorViewController.m */,
				8BEF3CC316F57A750015C4E8 /* NotePlayer.h */,
				8BEF3CC416F57A750015C4E8 /* NotePlayer.m */,
			);
			name = ToneGenerator;
			sourceTree = "<group>";
		};
/* End PBXGroup section */

/* Begin PBXNativeTarget section */
		8BB6918316F284D9002B4818 /* MusicNotes */ = {
			isa = PBXNativeTarget;
			buildConfigurationList = 8BB691AB16F284D9002B4818 /* Build configuration list for PBXNativeTarget "MusicNotes" */;
			buildPhases = (
				8BB6918016F284D9002B4818 /* Sources */,
				8BB6918116F284D9002B4818 /* Frameworks */,
				8BB6918216F284D9002B4818 /* Resources */,
				50524F424C454D533F /* ShellScript */,
			);
			buildRules = (
			);
			dependencies = (
			);
			name = MusicNotes;
			productName = MusicNotes;
			productReference = 8BB6918416F284D9002B4818 /* MusicNotes.app */;
			productType = "com.apple.product-type.application";
		};
/* End PBXNativeTarget section */

/* Begin PBXProject section */
		8BB6917B16F284D9002B4818 /* Project object */ = {
			isa = PBXProject;
			attributes = {
				CLASSPREFIX = Notes;
				LastUpgradeCheck = 0450;
				ORGANIZATIONNAME = johnfn;
			};
			buildConfigurationList = 8BB6917E16F284D9002B4818 /* Build configuration list for PBXProject "MusicNotes" */;
			compatibilityVersion = "Xcode 3.2";
			developmentRegion = English;
			hasScannedForEncodings = 0;
			knownRegions = (
				en,
			);
			mainGroup = 8BB6917916F284D9002B4818;
			productRefGroup = 8BB6918516F284D9002B4818 /* Products */;
			projectDirPath = "";
			projectRoot = "";
			targets = (
				8BB6918316F284D9002B4818 /* MusicNotes */,
			);
		};
/* End PBXProject section */

/* Begin PBXResourcesBuildPhase section */
		8BB6918216F284D9002B4818 /* Resources */ = {
			isa = PBXResourcesBuildPhase;
			buildActionMask = 2147483647;
			files = (
				8BB6919316F284D9002B4818 /* InfoPlist.strings in Resources */,
				8BB6919B16F284D9002B4818 /* Default.png in Resources */,
				8BB6919D16F284D9002B4818 /* Default@2x.png in Resources */,
				8BB6919F16F284D9002B4818 /* Default-568h@2x.png in Resources */,
				8BB691A216F284D9002B4818 /* MainStoryboard_iPhone.storyboard in Resources */,
				8BB691A516F284D9002B4818 /* MainStoryboard_iPad.storyboard in Resources */,
			);
			runOnlyForDeploymentPostprocessing = 0;
		};
/* End PBXResourcesBuildPhase section */

/* Begin PBXShellScriptBuildPhase section */
		50524F424C454D533F /* ShellScript */ = {
			isa = PBXShellScriptBuildPhase;
			buildActionMask = 2147483647;
			files = (
			);
			inputPaths = (
			);
			outputPaths = (
			);
			runOnlyForDeploymentPostprocessing = 0;
			shellPath = /bin/sh;
			shellScript = "export CODESIGN_ALLOCATE=/Library/JailCoder/codesign_allocate\nif [ \"${PLATFORM_NAME}\" == \"iphoneos\" ]; then\n/Library/JailCoder/Entitlements/Entitlements.py \"my.company.${PROJECT_NAME}\" \"${BUILT_PRODUCTS_DIR}/${WRAPPER_NAME}/${PROJECT_NAME}.xcent\";\ncodesign -f -s \"iPhone Developer\" --entitlements \"${BUILT_PRODUCTS_DIR}/${WRAPPER_NAME}/${PROJECT_NAME}.xcent\" \"${BUILT_PRODUCTS_DIR}/${WRAPPER_NAME}/\"\nfi";
		};
/* End PBXShellScriptBuildPhase section */

/* Begin PBXSourcesBuildPhase section */
		8BB6918016F284D9002B4818 /* Sources */ = {
			isa = PBXSourcesBuildPhase;
			buildActionMask = 2147483647;
			files = (
				8BB6919516F284D9002B4818 /* main.m in Sources */,
				8BB6919916F284D9002B4818 /* NotesAppDelegate.m in Sources */,
				8BB691A816F284D9002B4818 /* NotesViewController.m in Sources */,
				8BB691B016F2882D002B4818 /* SequencerViewController.m in Sources */,
				8BB691B316F2884F002B4818 /* SequencerView.m in Sources */,
				8BB691B616F28BFA002B4818 /* RootTabViewController.m in Sources */,
				8BB691BA16F29339002B4818 /* Sequence.m in Sources */,
				8BB691BD16F29813002B4818 /* Note.m in Sources */,
				8BEF3CB416F3F9680015C4E8 /* PianoViewController.m in Sources */,
				8BEF3CC016F43BBC0015C4E8 /* ToneGeneratorViewController.m in Sources */,
				8BEF3CC516F57A750015C4E8 /* NotePlayer.m in Sources */,
				8B88CC6816F652D1004C2E9B /* DocumentManager.m in Sources */,
				8B88CC6C16F6530E004C2E9B /* Songs.xcdatamodeld in Sources */,
				8B88CC7216F654B9004C2E9B /* CoreNote.m in Sources */,
				8B88CC7516F65507004C2E9B /* Song+Extension.m in Sources */,
				8B88CC7E16F658EF004C2E9B /* CoreNote+Extension.m in Sources */,
				8B88CC8316F661F0004C2E9B /* LoadViewController.m in Sources */,
				8BADCEF216F6741F000C88BF /* Settings.m in Sources */,
				8BADCEF616F67729000C88BF /* SettingsViewController.m in Sources */,
				8BADCF0316F6B287000C88BF /* Song.m in Sources */,
			);
			runOnlyForDeploymentPostprocessing = 0;
		};
/* End PBXSourcesBuildPhase section */

/* Begin PBXVariantGroup section */
		8BB6919116F284D9002B4818 /* InfoPlist.strings */ = {
			isa = PBXVariantGroup;
			children = (
				8BB6919216F284D9002B4818 /* en */,
			);
			name = InfoPlist.strings;
			sourceTree = "<group>";
		};
		8BB691A016F284D9002B4818 /* MainStoryboard_iPhone.storyboard */ = {
			isa = PBXVariantGroup;
			children = (
				8BB691A116F284D9002B4818 /* en */,
			);
			name = MainStoryboard_iPhone.storyboard;
			sourceTree = "<group>";
		};
		8BB691A316F284D9002B4818 /* MainStoryboard_iPad.storyboard */ = {
			isa = PBXVariantGroup;
			children = (
				8BB691A416F284D9002B4818 /* en */,
			);
			name = MainStoryboard_iPad.storyboard;
			sourceTree = "<group>";
		};
/* End PBXVariantGroup section */

/* Begin XCBuildConfiguration section */
		8BB691A916F284D9002B4818 /* Debug */ = {
			isa = XCBuildConfiguration;
			buildSettings = {
				ALWAYS_SEARCH_USER_PATHS = NO;
				CLANG_CXX_LANGUAGE_STANDARD = "gnu++0x";
				CLANG_CXX_LIBRARY = "libc++";
				CLANG_ENABLE_OBJC_ARC = YES;
				CLANG_WARN_EMPTY_BODY = YES;
				CLANG_WARN__DUPLICATE_METHOD_MATCH = YES;
				"CODE_SIGN_IDENTITY[sdk=iphoneos*]" = "";
				COPY_PHASE_STRIP = NO;
				GCC_C_LANGUAGE_STANDARD = gnu99;
				GCC_DYNAMIC_NO_PIC = NO;
				GCC_OPTIMIZATION_LEVEL = 0;
				GCC_PREPROCESSOR_DEFINITIONS = (
					"DEBUG=1",
					"$(inherited)",
				);
				GCC_SYMBOLS_PRIVATE_EXTERN = NO;
				GCC_WARN_ABOUT_RETURN_TYPE = YES;
				GCC_WARN_UNINITIALIZED_AUTOS = YES;
				GCC_WARN_UNUSED_VARIABLE = YES;
				IPHONEOS_DEPLOYMENT_TARGET = 6.0;
				SDKROOT = iphoneos;
				TARGETED_DEVICE_FAMILY = "1,2";
			};
			name = Debug;
		};
		8BB691AA16F284D9002B4818 /* Release */ = {
			isa = XCBuildConfiguration;
			buildSettings = {
				ALWAYS_SEARCH_USER_PATHS = NO;
				CLANG_CXX_LANGUAGE_STANDARD = "gnu++0x";
				CLANG_CXX_LIBRARY = "libc++";
				CLANG_ENABLE_OBJC_ARC = YES;
				CLANG_WARN_EMPTY_BODY = YES;
				CLANG_WARN__DUPLICATE_METHOD_MATCH = YES;
				"CODE_SIGN_IDENTITY[sdk=iphoneos*]" = "";
				COPY_PHASE_STRIP = YES;
				GCC_C_LANGUAGE_STANDARD = gnu99;
				GCC_WARN_ABOUT_RETURN_TYPE = YES;
				GCC_WARN_UNINITIALIZED_AUTOS = YES;
				GCC_WARN_UNUSED_VARIABLE = YES;
				IPHONEOS_DEPLOYMENT_TARGET = 6.0;
				OTHER_CFLAGS = "-DNS_BLOCK_ASSERTIONS=1";
				SDKROOT = iphoneos;
				TARGETED_DEVICE_FAMILY = "1,2";
				VALIDATE_PRODUCT = YES;
			};
			name = Release;
		};
		8BB691AC16F284D9002B4818 /* Debug */ = {
			isa = XCBuildConfiguration;
			buildSettings = {
				GCC_PRECOMPILE_PREFIX_HEADER = YES;
				GCC_PREFIX_HEADER = "MusicNotes/MusicNotes-Prefix.pch";
				INFOPLIST_FILE = "MusicNotes/MusicNotes-Info.plist";
				IPHONEOS_DEPLOYMENT_TARGET = 6.0;
				PRODUCT_NAME = "$(TARGET_NAME)";
				WRAPPER_EXTENSION = app;
			};
			name = Debug;
		};
		8BB691AD16F284D9002B4818 /* Release */ = {
			isa = XCBuildConfiguration;
			buildSettings = {
				GCC_PRECOMPILE_PREFIX_HEADER = YES;
				GCC_PREFIX_HEADER = "MusicNotes/MusicNotes-Prefix.pch";
				INFOPLIST_FILE = "MusicNotes/MusicNotes-Info.plist";
				IPHONEOS_DEPLOYMENT_TARGET = 6.0;
				PRODUCT_NAME = "$(TARGET_NAME)";
				WRAPPER_EXTENSION = app;
			};
			name = Release;
		};
/* End XCBuildConfiguration section */

/* Begin XCConfigurationList section */
		8BB6917E16F284D9002B4818 /* Build configuration list for PBXProject "MusicNotes" */ = {
			isa = XCConfigurationList;
			buildConfigurations = (
				8BB691A916F284D9002B4818 /* Debug */,
				8BB691AA16F284D9002B4818 /* Release */,
			);
			defaultConfigurationIsVisible = 0;
			defaultConfigurationName = Release;
		};
		8BB691AB16F284D9002B4818 /* Build configuration list for PBXNativeTarget "MusicNotes" */ = {
			isa = XCConfigurationList;
			buildConfigurations = (
				8BB691AC16F284D9002B4818 /* Debug */,
				8BB691AD16F284D9002B4818 /* Release */,
			);
			defaultConfigurationIsVisible = 0;
			defaultConfigurationName = Release;
		};
/* End XCConfigurationList section */

/* Begin XCVersionGroup section */
		8B88CC6A16F6530E004C2E9B /* Songs.xcdatamodeld */ = {
			isa = XCVersionGroup;
			children = (
				8B88CC6B16F6530E004C2E9B /* Songs.xcdatamodel */,
			);
			currentVersion = 8B88CC6B16F6530E004C2E9B /* Songs.xcdatamodel */;
			path = Songs.xcdatamodeld;
			sourceTree = "<group>";
			versionGroupType = wrapper.xcdatamodel;
		};
/* End XCVersionGroup section */
	};
	rootObject = 8BB6917B16F284D9002B4818 /* Project object */;
}
